# This file is generated by running "yarn install" inside your project.
# Manual changes might be lost - proceed with caution!

__metadata:
  version: 6
  cacheKey: 8c0

"@gerrit0/mini-shiki@npm:^1.24.0":
  version: 1.24.4
  resolution: "@gerrit0/mini-shiki@npm:1.24.4"
  dependencies:
    "@shikijs/engine-oniguruma": ^1.24.2
    "@shikijs/types": ^1.24.2
    "@shikijs/vscode-textmate": ^9.3.1
  checksum: 2f2399fff0a3aab7e8c4797854667e40c73b31a7ea69c4078f6897bf7a1de20e70d8df229c5c894d93834f2e1b659fc6b1ba39991075a21b8f33c6879308a61b
  languageName: node
  linkType: hard

"@shikijs/engine-oniguruma@npm:^1.24.2":
  version: 1.24.2
  resolution: "@shikijs/engine-oniguruma@npm:1.24.2"
  dependencies:
    "@shikijs/types": 1.24.2
    "@shikijs/vscode-textmate": ^9.3.0
  checksum: d16a91d7eac1fc3959ef1d0c7c466b81a31a0280b8455cf43c2a66b4b18bd80037e9445d3c068d8f96cc5560287fc18577950bbf689c32e9c3d8ad49dc6bb025
  languageName: node
  linkType: hard

"@shikijs/types@npm:1.24.2, @shikijs/types@npm:^1.24.2":
  version: 1.24.2
  resolution: "@shikijs/types@npm:1.24.2"
  dependencies:
    "@shikijs/vscode-textmate": ^9.3.0
    "@types/hast": ^3.0.4
  checksum: 785066b144823f1a93a1b3445a3762ee85799b393675274961b41e2313b38e9943e2c286087eb079853ec3dabee5cc5c5ed75fb52bb3e1d199550497ce760f2a
  languageName: node
  linkType: hard

"@shikijs/vscode-textmate@npm:^9.3.0, @shikijs/vscode-textmate@npm:^9.3.1":
  version: 9.3.1
  resolution: "@shikijs/vscode-textmate@npm:9.3.1"
  checksum: 8db3aa96696d83d30a56670516b128191340830382f1d1edc3108c2f0a418e7cc405dd9f253bf8b0d00fe4426795669b2c4dac3a035ebfe965eda241c33bfe9d
  languageName: node
  linkType: hard

"@types/hast@npm:^3.0.4":
  version: 3.0.4
  resolution: "@types/hast@npm:3.0.4"
  dependencies:
    "@types/unist": "*"
  checksum: 3249781a511b38f1d330fd1e3344eed3c4e7ea8eff82e835d35da78e637480d36fad37a78be5a7aed8465d237ad0446abc1150859d0fde395354ea634decf9f7
  languageName: node
  linkType: hard

"@types/node@npm:^16.11.10":
  version: 16.11.39
  resolution: "@types/node@npm:16.11.39"
  checksum: 28fe6cb1f048d97c524c980131d7b534e0363c124e289c70acb04a89700b58e0a1cbeeecbf3fa505aaed6a2ee98f4cc1d1025baee55f8f2f530732a9f6a87f0b
  languageName: node
  linkType: hard

"@types/unist@npm:*":
  version: 3.0.3
  resolution: "@types/unist@npm:3.0.3"
  checksum: 2b1e4adcab78388e088fcc3c0ae8700f76619dbcb4741d7d201f87e2cb346bfc29a89003cfea2d76c996e1061452e14fcd737e8b25aacf949c1f2d6b2bc3dd60
  languageName: node
  linkType: hard

"argparse@npm:^2.0.1":
  version: 2.0.1
  resolution: "argparse@npm:2.0.1"
  checksum: c5640c2d89045371c7cedd6a70212a04e360fd34d6edeae32f6952c63949e3525ea77dbec0289d8213a99bbaeab5abfa860b5c12cf88a2e6cf8106e90dd27a7e
  languageName: node
  linkType: hard

"balanced-match@npm:^1.0.0":
  version: 1.0.2
  resolution: "balanced-match@npm:1.0.2"
  checksum: 9308baf0a7e4838a82bbfd11e01b1cb0f0cf2893bc1676c27c2a8c0e70cbae1c59120c3268517a8ae7fb6376b4639ef81ca22582611dbee4ed28df945134aaee
  languageName: node
  linkType: hard

"brace-expansion@npm:^2.0.1":
  version: 2.0.1
  resolution: "brace-expansion@npm:2.0.1"
  dependencies:
    balanced-match: ^1.0.0
  checksum: b358f2fe060e2d7a87aa015979ecea07f3c37d4018f8d6deb5bd4c229ad3a0384fe6029bb76cd8be63c81e516ee52d1a0673edbe2023d53a5191732ae3c3e49f
  languageName: node
  linkType: hard

"entities@npm:^4.4.0":
  version: 4.5.0
  resolution: "entities@npm:4.5.0"
  checksum: 5b039739f7621f5d1ad996715e53d964035f75ad3b9a4d38c6b3804bb226e282ffeae2443624d8fdd9c47d8e926ae9ac009c54671243f0c3294c26af7cc85250
  languageName: node
  linkType: hard

"linkify-it@npm:^5.0.0":
  version: 5.0.0
  resolution: "linkify-it@npm:5.0.0"
  dependencies:
    uc.micro: ^2.0.0
  checksum: ff4abbcdfa2003472fc3eb4b8e60905ec97718e11e33cca52059919a4c80cc0e0c2a14d23e23d8c00e5402bc5a885cdba8ca053a11483ab3cc8b3c7a52f88e2d
  languageName: node
  linkType: hard

"lunr@npm:^2.3.9":
  version: 2.3.9
  resolution: "lunr@npm:2.3.9"
  checksum: 77d7dbb4fbd602aac161e2b50887d8eda28c0fa3b799159cee380fbb311f1e614219126ecbbd2c3a9c685f1720a8109b3c1ca85cc893c39b6c9cc6a62a1d8a8b
  languageName: node
  linkType: hard

"markdown-it@npm:^14.1.0":
  version: 14.1.0
  resolution: "markdown-it@npm:14.1.0"
  dependencies:
    argparse: ^2.0.1
    entities: ^4.4.0
    linkify-it: ^5.0.0
    mdurl: ^2.0.0
    punycode.js: ^2.3.1
    uc.micro: ^2.1.0
  bin:
    markdown-it: bin/markdown-it.mjs
  checksum: 9a6bb444181d2db7016a4173ae56a95a62c84d4cbfb6916a399b11d3e6581bf1cc2e4e1d07a2f022ae72c25f56db90fbe1e529fca16fbf9541659dc53480d4b4
  languageName: node
  linkType: hard

"mdurl@npm:^2.0.0":
  version: 2.0.0
  resolution: "mdurl@npm:2.0.0"
  checksum: 633db522272f75ce4788440669137c77540d74a83e9015666a9557a152c02e245b192edc20bc90ae953bbab727503994a53b236b4d9c99bdaee594d0e7dd2ce0
  languageName: node
  linkType: hard

"minimatch@npm:^9.0.5":
  version: 9.0.5
  resolution: "minimatch@npm:9.0.5"
  dependencies:
    brace-expansion: ^2.0.1
  checksum: de96cf5e35bdf0eab3e2c853522f98ffbe9a36c37797778d2665231ec1f20a9447a7e567cb640901f89e4daaa95ae5d70c65a9e8aa2bb0019b6facbc3c0575ed
  languageName: node
  linkType: hard

"punycode.js@npm:^2.3.1":
  version: 2.3.1
  resolution: "punycode.js@npm:2.3.1"
  checksum: 1d12c1c0e06127fa5db56bd7fdf698daf9a78104456a6b67326877afc21feaa821257b171539caedd2f0524027fa38e67b13dd094159c8d70b6d26d2bea4dfdb
  languageName: node
  linkType: hard

"typedoc-frontmatter-plugin@workspace:.":
  version: 0.0.0-use.local
  resolution: "typedoc-frontmatter-plugin@workspace:."
  dependencies:
    "@types/node": ^16.11.10
    typedoc: ^0.27.0
    typescript: 4.5.2
  peerDependencies:
    typedoc: 0.22.x || 0.27.x
  languageName: unknown
  linkType: soft

"typedoc@npm:^0.27.0":
  version: 0.27.5
  resolution: "typedoc@npm:0.27.5"
  dependencies:
    "@gerrit0/mini-shiki": ^1.24.0
    lunr: ^2.3.9
    markdown-it: ^14.1.0
    minimatch: ^9.0.5
    yaml: ^2.6.1
  peerDependencies:
    typescript: 5.0.x || 5.1.x || 5.2.x || 5.3.x || 5.4.x || 5.5.x || 5.6.x || 5.7.x
  bin:
    typedoc: bin/typedoc
  checksum: c73501a601ba96c502bc1cdca8539a12512a1938791656f9620cff962fff6e0c4b475527b031c785a32496da2bee24c3ea35524a16707df5c5e1f458ab814deb
  languageName: node
  linkType: hard

"typescript@npm:4.5.2":
  version: 4.5.2
  resolution: "typescript@npm:4.5.2"
  bin:
    tsc: bin/tsc
    tsserver: bin/tsserver
  checksum: 8fc40b886018889ad2099cb1b477c4f0373528c9fca83860ad33e898fe19ada22568477aca91741fbeabf0402e203f0e2d6d14ed6973ad826893cc13b2dfd459
  languageName: node
  linkType: hard

"typescript@patch:typescript@4.5.2#~builtin<compat/typescript>":
  version: 4.5.2
  resolution: "typescript@patch:typescript@npm%3A4.5.2#~builtin<compat/typescript>::version=4.5.2&hash=7ad353"
  bin:
    tsc: bin/tsc
    tsserver: bin/tsserver
  checksum: 90eaf5227b6a755da1a77665b24b958a8bc79b12b435c4254255ceada6ac6eb7905678b37c23c4f63a298b7ed6bee8fc87df78b98d0b0e7f0e30e873334121fd
  languageName: node
  linkType: hard

"uc.micro@npm:^2.0.0, uc.micro@npm:^2.1.0":
  version: 2.1.0
  resolution: "uc.micro@npm:2.1.0"
  checksum: 8862eddb412dda76f15db8ad1c640ccc2f47cdf8252a4a30be908d535602c8d33f9855dfcccb8b8837855c1ce1eaa563f7fa7ebe3c98fd0794351aab9b9c55fa
  languageName: node
  linkType: hard

"yaml@npm:^2.6.1":
  version: 2.6.1
  resolution: "yaml@npm:2.6.1"
  bin:
    yaml: bin.mjs
  checksum: aebf07f61c72b38c74d2b60c3a3ccf89ee4da45bcd94b2bfb7899ba07a5257625a7c9f717c65a6fc511563d48001e01deb1d9e55f0133f3e2edf86039c8c1be7
  languageName: node
  linkType: hard
